// !$*UTF8*$!
{
	archiveVersion = 1;
	classes = {
	};
	objectVersion = 48;
	objects = {

/* Begin PBXBuildFile section */
		538F61731F6325F30064A9AA /* AppDelegate.swift in Sources */ = {isa = PBXBuildFile; fileRef = 538F61721F6325F30064A9AA /* AppDelegate.swift */; };
		538F61751F6325F30064A9AA /* Scene.sks in Resources */ = {isa = PBXBuildFile; fileRef = 538F61741F6325F30064A9AA /* Scene.sks */; };
		538F61771F6325F30064A9AA /* Scene.swift in Sources */ = {isa = PBXBuildFile; fileRef = 538F61761F6325F30064A9AA /* Scene.swift */; };
		538F61791F6325F30064A9AA /* ViewController.swift in Sources */ = {isa = PBXBuildFile; fileRef = 538F61781F6325F30064A9AA /* ViewController.swift */; };
		538F617C1F6325F30064A9AA /* Main.storyboard in Resources */ = {isa = PBXBuildFile; fileRef = 538F617A1F6325F30064A9AA /* Main.storyboard */; };
		538F617E1F6325F30064A9AA /* Assets.xcassets in Resources */ = {isa = PBXBuildFile; fileRef = 538F617D1F6325F30064A9AA /* Assets.xcassets */; };
		538F61811F6325F30064A9AA /* LaunchScreen.storyboard in Resources */ = {isa = PBXBuildFile; fileRef = 538F617F1F6325F30064A9AA /* LaunchScreen.storyboard */; };
		538F618E1F63281F0064A9AA /* Detector.swift in Sources */ = {isa = PBXBuildFile; fileRef = 538F618D1F63281F0064A9AA /* Detector.swift */; };
		538F61901F633A490064A9AA /* MobileNet.mlmodel in Sources */ = {isa = PBXBuildFile; fileRef = 538F618F1F633A430064A9AA /* MobileNet.mlmodel */; };
/* End PBXBuildFile section */

/* Begin PBXFileReference section */
		538F616F1F6325F30064A9AA /* ARML-Detector.app */ = {isa = PBXFileReference; explicitFileType = wrapper.application; includeInIndex = 0; path = "ARML-Detector.app"; sourceTree = BUILT_PRODUCTS_DIR; };
		538F61721F6325F30064A9AA /* AppDelegate.swift */ = {isa = PBXFileReference; lastKnownFileType = sourcecode.swift; path = AppDelegate.swift; sourceTree = "<group>"; };
		538F61741F6325F30064A9AA /* Scene.sks */ = {isa = PBXFileReference; lastKnownFileType = file.sks; path = Scene.sks; sourceTree = "<group>"; };
		538F61761F6325F30064A9AA /* Scene.swift */ = {isa = PBXFileReference; lastKnownFileType = sourcecode.swift; path = Scene.swift; sourceTree = "<group>"; };
		538F61781F6325F30064A9AA /* ViewController.swift */ = {isa = PBXFileReference; lastKnownFileType = sourcecode.swift; path = ViewController.swift; sourceTree = "<group>"; };
		538F617B1F6325F30064A9AA /* Base */ = {isa = PBXFileReference; lastKnownFileType = file.storyboard; name = Base; path = Base.lproj/Main.storyboard; sourceTree = "<group>"; };
		538F617D1F6325F30064A9AA /* Assets.xcassets */ = {isa = PBXFileReference; lastKnownFileType = folder.assetcatalog; path = Assets.xcassets; sourceTree = "<group>"; };
		538F61801F6325F30064A9AA /* Base */ = {isa = PBXFileReference; lastKnownFileType = file.storyboard; name = Base; path = Base.lproj/LaunchScreen.storyboard; sourceTree = "<group>"; };
		538F61821F6325F30064A9AA /* Info.plist */ = {isa = PBXFileReference; lastKnownFileType = text.plist.xml; path = Info.plist; sourceTree = "<group>"; };
		538F618D1F63281F0064A9AA /* Detector.swift */ = {isa = PBXFileReference; lastKnownFileType = sourcecode.swift; name = Detector.swift; path = CoreDetector/Detector.swift; sourceTree = "<group>"; };
		538F618F1F633A430064A9AA /* MobileNet.mlmodel */ = {isa = PBXFileReference; lastKnownFileType = file.mlmodel; path = MobileNet.mlmodel; sourceTree = "<group>"; };
/* End PBXFileReference section */

/* Begin PBXFrameworksBuildPhase section */
		538F616C1F6325F30064A9AA /* Frameworks */ = {
			isa = PBXFrameworksBuildPhase;
			buildActionMask = 2147483647;
			files = (
			);
			runOnlyForDeploymentPostprocessing = 0;
		};
/* End PBXFrameworksBuildPhase section */

/* Begin PBXGroup section */
		538F61661F6325F30064A9AA = {
			isa = PBXGroup;
			children = (
				538F61891F63263B0064A9AA /* Model */,
				538F61711F6325F30064A9AA /* ARML-Detector */,
				538F61701F6325F30064A9AA /* Products */,
			);
			sourceTree = "<group>";
		};
		538F61701F6325F30064A9AA /* Products */ = {
			isa = PBXGroup;
			children = (
				538F616F1F6325F30064A9AA /* ARML-Detector.app */,
			);
			name = Products;
			sourceTree = "<group>";
		};
		538F61711F6325F30064A9AA /* ARML-Detector */ = {
			isa = PBXGroup;
			children = (
				538F61821F6325F30064A9AA /* Info.plist */,
				538F61741F6325F30064A9AA /* Scene.sks */,
				538F61721F6325F30064A9AA /* AppDelegate.swift */,
				538F618D1F63281F0064A9AA /* Detector.swift */,
				538F61761F6325F30064A9AA /* Scene.swift */,
				538F61781F6325F30064A9AA /* ViewController.swift */,
				538F617D1F6325F30064A9AA /* Assets.xcassets */,
				538F617F1F6325F30064A9AA /* LaunchScreen.storyboard */,
				538F617A1F6325F30064A9AA /* Main.storyboard */,
			);
			path = "ARML-Detector";
			sourceTree = "<group>";
		};
		538F61891F63263B0064A9AA /* Model */ = {
			isa = PBXGroup;
			children = (
				538F618F1F633A430064A9AA /* MobileNet.mlmodel */,
			);
			name = Model;
			path = "ARML-Detector/Model";
			sourceTree = "<group>";
		};
/* End PBXGroup section */

/* Begin PBXNativeTarget section */
		538F616E1F6325F30064A9AA /* ARML-Detector */ = {
			isa = PBXNativeTarget;
			buildConfigurationList = 538F61851F6325F30064A9AA /* Build configuration list for PBXNativeTarget "ARML-Detector" */;
			buildPhases = (
				538F616B1F6325F30064A9AA /* Sources */,
				538F616C1F6325F30064A9AA /* Frameworks */,
				538F616D1F6325F30064A9AA /* Resources */,
			);
			buildRules = (
			);
			dependencies = (
			);
			name = "ARML-Detector";
			productName = "ARML-Detector";
			productReference = 538F616F1F6325F30064A9AA /* ARML-Detector.app */;
			productType = "com.apple.product-type.application";
		};
/* End PBXNativeTarget section */

/* Begin PBXProject section */
		538F61671F6325F30064A9AA /* Project object */ = {
			isa = PBXProject;
			attributes = {
				LastSwiftUpdateCheck = 0900;
				LastUpgradeCheck = 0900;
				ORGANIZATIONNAME = "Rafael Colatusso";
				TargetAttributes = {
					538F616E1F6325F30064A9AA = {
						CreatedOnToolsVersion = 9.0;
						ProvisioningStyle = Automatic;
					};
				};
			};
			buildConfigurationList = 538F616A1F6325F30064A9AA /* Build configuration list for PBXProject "ARML-Detector" */;
			compatibilityVersion = "Xcode 8.0";
			developmentRegion = en;
			hasScannedForEncodings = 0;
			knownRegions = (
				en,
				Base,
			);
			mainGroup = 538F61661F6325F30064A9AA;
			productRefGroup = 538F61701F6325F30064A9AA /* Products */;
			projectDirPath = "";
			projectRoot = "";
			targets = (
				538F616E1F6325F30064A9AA /* ARML-Detector */,
			);
		};
/* End PBXProject section */

/* Begin PBXResourcesBuildPhase section */
		538F616D1F6325F30064A9AA /* Resources */ = {
			isa = PBXResourcesBuildPhase;
			buildActionMask = 2147483647;
			files = (
				538F61751F6325F30064A9AA /* Scene.sks in Resources */,
				538F61811F6325F30064A9AA /* LaunchScreen.storyboard in Resources */,
				538F617E1F6325F30064A9AA /* Assets.xcassets in Resources */,
				538F617C1F6325F30064A9AA /* Main.storyboard in Resources */,
			);
			runOnlyForDeploymentPostprocessing = 0;
		};
/* End PBXResourcesBuildPhase section */

/* Begin PBXSourcesBuildPhase section */
		538F616B1F6325F30064A9AA /* Sources */ = {
			isa = PBXSourcesBuildPhase;
			buildActionMask = 2147483647;
			files = (
				538F618E1F63281F0064A9AA /* Detector.swift in Sources */,
				538F61791F6325F30064A9AA /* ViewController.swift in Sources */,
				538F61901F633A490064A9AA /* MobileNet.mlmodel in Sources */,
				538F61771F6325F30064A9AA /* Scene.swift in Sources */,
				538F61731F6325F30064A9AA /* AppDelegate.swift in Sources */,
			);
			runOnlyForDeploymentPostprocessing = 0;
		};
/* End PBXSourcesBuildPhase section */

/* Begin PBXVariantGroup section */
		538F617A1F6325F30064A9AA /* Main.storyboard */ = {
			isa = PBXVariantGroup;
			children = (
				538F617B1F6325F30064A9AA /* Base */,
			);
			name = Main.storyboard;
			sourceTree = "<group>";
		};
		538F617F1F6325F30064A9AA /* LaunchScreen.storyboard */ = {
			isa = PBXVariantGroup;
			children = (
				538F61801F6325F30064A9AA /* Base */,
			);
			name = LaunchScreen.storyboard;
			sourceTree = "<group>";
		};
/* End PBXVariantGroup section */

/* Begin XCBuildConfiguration section */
		538F61831F6325F30064A9AA /* Debug */ = {
			isa = XCBuildConfiguration;
			buildSettings = {
				ALWAYS_SEARCH_USER_PATHS = NO;
				CLANG_ANALYZER_NONNULL = YES;
				CLANG_ANALYZER_NUMBER_OBJECT_CONVERSION = YES_AGGRESSIVE;
				CLANG_CXX_LANGUAGE_STANDARD = "gnu++14";
				CLANG_CXX_LIBRARY = "libc++";
				CLANG_ENABLE_MODULES = YES;
				CLANG_ENABLE_OBJC_ARC = YES;
				CLANG_WARN_BLOCK_CAPTURE_AUTORELEASING = YES;
				CLANG_WARN_BOOL_CONVERSION = YES;
				CLANG_WARN_COMMA = YES;
				CLANG_WARN_CONSTANT_CONVERSION = YES;
				CLANG_WARN_DIRECT_OBJC_ISA_USAGE = YES_ERROR;
				CLANG_WARN_DOCUMENTATION_COMMENTS = YES;
				CLANG_WARN_EMPTY_BODY = YES;
				CLANG_WARN_ENUM_CONVERSION = YES;
				CLANG_WARN_INFINITE_RECURSION = YES;
				CLANG_WARN_INT_CONVERSION = YES;
				CLANG_WARN_NON_LITERAL_NULL_CONVERSION = YES;
				CLANG_WARN_OBJC_LITERAL_CONVERSION = YES;
				CLANG_WARN_OBJC_ROOT_CLASS = YES_ERROR;
				CLANG_WARN_RANGE_LOOP_ANALYSIS = YES;
				CLANG_WARN_STRICT_PROTOTYPES = YES;
				CLANG_WARN_SUSPICIOUS_MOVE = YES;
				CLANG_WARN_UNGUARDED_AVAILABILITY = YES_AGGRESSIVE;
				CLANG_WARN_UNREACHABLE_CODE = YES;
				CLANG_WARN__DUPLICATE_METHOD_MATCH = YES;
				CODE_SIGN_IDENTITY = "iPhone Developer";
				COPY_PHASE_STRIP = NO;
				DEBUG_INFORMATION_FORMAT = dwarf;
				ENABLE_STRICT_OBJC_MSGSEND = YES;
				ENABLE_TESTABILITY = YES;
				GCC_C_LANGUAGE_STANDARD = gnu11;
				GCC_DYNAMIC_NO_PIC = NO;
				GCC_NO_COMMON_BLOCKS = YES;
				GCC_OPTIMIZATION_LEVEL = 0;
				GCC_PREPROCESSOR_DEFINITIONS = (
					"DEBUG=1",
					"$(inherited)",
				);
				GCC_WARN_64_TO_32_BIT_CONVERSION = YES;
				GCC_WARN_ABOUT_RETURN_TYPE = YES_ERROR;
				GCC_WARN_UNDECLARED_SELECTOR = YES;
				GCC_WARN_UNINITIALIZED_AUTOS = YES_AGGRESSIVE;
				GCC_WARN_UNUSED_FUNCTION = YES;
				GCC_WARN_UNUSED_VARIABLE = YES;
				IPHONEOS_DEPLOYMENT_TARGET = 11.0;
				MTL_ENABLE_DEBUG_INFO = YES;
				ONLY_ACTIVE_ARCH = YES;
				SDKROOT = iphoneos;
				SWIFT_ACTIVE_COMPILATION_CONDITIONS = DEBUG;
				SWIFT_OPTIMIZATION_LEVEL = "-Onone";
			};
			name = Debug;
		};
		538F61841F6325F30064A9AA /* Release */ = {
			isa = XCBuildConfiguration;
			buildSettings = {
				ALWAYS_SEARCH_USER_PATHS = NO;
				CLANG_ANALYZER_NONNULL = YES;
				CLANG_ANALYZER_NUMBER_OBJECT_CONVERSION = YES_AGGRESSIVE;
				CLANG_CXX_LANGUAGE_STANDARD = "gnu++14";
				CLANG_CXX_LIBRARY = "libc++";
				CLANG_ENABLE_MODULES = YES;
				CLANG_ENABLE_OBJC_ARC = YES;
				CLANG_WARN_BLOCK_CAPTURE_AUTORELEASING = YES;
				CLANG_WARN_BOOL_CONVERSION = YES;
				CLANG_WARN_COMMA = YES;
				CLANG_WARN_CONSTANT_CONVERSION = YES;
				CLANG_WARN_DIRECT_OBJC_ISA_USAGE = YES_ERROR;
				CLANG_WARN_DOCUMENTATION_COMMENTS = YES;
				CLANG_WARN_EMPTY_BODY = YES;
				CLANG_WARN_ENUM_CONVERSION = YES;
				CLANG_WARN_INFINITE_RECURSION = YES;
				CLANG_WARN_INT_CONVERSION = YES;
				CLANG_WARN_NON_LITERAL_NULL_CONVERSION = YES;
				CLANG_WARN_OBJC_LITERAL_CONVERSION = YES;
				CLANG_WARN_OBJC_ROOT_CLASS = YES_ERROR;
				CLANG_WARN_RANGE_LOOP_ANALYSIS = YES;
				CLANG_WARN_STRICT_PROTOTYPES = YES;
				CLANG_WARN_SUSPICIOUS_MOVE = YES;
				CLANG_WARN_UNGUARDED_AVAILABILITY = YES_AGGRESSIVE;
				CLANG_WARN_UNREACHABLE_CODE = YES;
				CLANG_WARN__DUPLICATE_METHOD_MATCH = YES;
				CODE_SIGN_IDENTITY = "iPhone Developer";
				COPY_PHASE_STRIP = NO;
				DEBUG_INFORMATION_FORMAT = "dwarf-with-dsym";
				ENABLE_NS_ASSERTIONS = NO;
				ENABLE_STRICT_OBJC_MSGSEND = YES;
				GCC_C_LANGUAGE_STANDARD = gnu11;
				GCC_NO_COMMON_BLOCKS = YES;
				GCC_WARN_64_TO_32_BIT_CONVERSION = YES;
				GCC_WARN_ABOUT_RETURN_TYPE = YES_ERROR;
				GCC_WARN_UNDECLARED_SELECTOR = YES;
				GCC_WARN_UNINITIALIZED_AUTOS = YES_AGGRESSIVE;
				GCC_WARN_UNUSED_FUNCTION = YES;
				GCC_WARN_UNUSED_VARIABLE = YES;
				IPHONEOS_DEPLOYMENT_TARGET = 11.0;
				MTL_ENABLE_DEBUG_INFO = NO;
				SDKROOT = iphoneos;
				SWIFT_OPTIMIZATION_LEVEL = "-Owholemodule";
				VALIDATE_PRODUCT = YES;
			};
			name = Release;
		};
		538F61861F6325F30064A9AA /* Debug */ = {
			isa = XCBuildConfiguration;
			buildSettings = {
				ASSETCATALOG_COMPILER_APPICON_NAME = AppIcon;
				CODE_SIGN_STYLE = Automatic;
				DEVELOPMENT_TEAM = 59Q556BKMJ;
				INFOPLIST_FILE = "ARML-Detector/Info.plist";
				LD_RUNPATH_SEARCH_PATHS = "$(inherited) @executable_path/Frameworks";
				PRODUCT_BUNDLE_IDENTIFIER = "com.rc.ARML-Detector";
				PRODUCT_NAME = "$(TARGET_NAME)";
				SWIFT_VERSION = 4.0;
				TARGETED_DEVICE_FAMILY = "1,2";
			};
			name = Debug;
		};
		538F61871F6325F30064A9AA /* Release */ = {
			isa = XCBuildConfiguration;
			buildSettings = {
				ASSETCATALOG_COMPILER_APPICON_NAME = AppIcon;
				CODE_SIGN_STYLE = Automatic;
				DEVELOPMENT_TEAM = 59Q556BKMJ;
				INFOPLIST_FILE = "ARML-Detector/Info.plist";
				LD_RUNPATH_SEARCH_PATHS = "$(inherited) @executable_path/Frameworks";
				PRODUCT_BUNDLE_IDENTIFIER = "com.rc.ARML-Detector";
				PRODUCT_NAME = "$(TARGET_NAME)";
				SWIFT_VERSION = 4.0;
				TARGETED_DEVICE_FAMILY = "1,2";
			};
			name = Release;
		};
/* End XCBuildConfiguration section */

/* Begin XCConfigurationList section */
		538F616A1F6325F30064A9AA /* Build configuration list for PBXProject "ARML-Detector" */ = {
			isa = XCConfigurationList;
			buildConfigurations = (
				538F61831F6325F30064A9AA /* Debug */,
				538F61841F6325F30064A9AA /* Release */,
			);
			defaultConfigurationIsVisible = 0;
			defaultConfigurationName = Release;
		};
		538F61851F6325F30064A9AA /* Build configuration list for PBXNativeTarget "ARML-Detector" */ = {
			isa = XCConfigurationList;
			buildConfigurations = (
				538F61861F6325F30064A9AA /* Debug */,
				538F61871F6325F30064A9AA /* Release */,
			);
			defaultConfigurationIsVisible = 0;
			defaultConfigurationName = Release;
		};
/* End XCConfigurationList section */
	};
	rootObject = 538F61671F6325F30064A9AA /* Project object */;
}
